{
  "lockfile_version": "1",
  "packages": {
    "github:NixOS/nixpkgs/nixpkgs-unstable": {
      "last_modified": "2026-07-19T09:25:00Z",
      "resolved": "github:NixOS/nixpkgs/b471514bed69eff5255c8e63c1f80e5fe56c616f?lastModified=1784453100&narHash=sha256-zpGZb8FYui%2Bi8KLtC0nlcmb0voR2zB80Qn8pe7lzIbk%3D"
    },
    "libpq@18.1": {
      "last_modified": "2026-02-23T15:40:43Z",
      "resolved": "github:NixOS/nixpkgs/80d901ec0377e19ac3f7bb8c035201e2e098cc97#libpq",
      "source": "devbox-search",
      "version": "18.1",
      "systems": {
        "aarch64-darwin": {
          "outputs": [
            {
              "name": "out",
              "path": "/nix/store/60ch0v9n97nk3sj89y5xg1avvlaj57r6-libpq-18.1",
              "default": true
            },
            {
              "name": "dev",
              "path": "/nix/store/l6zka21c94z38q6mljywwgnhl5k4qick-libpq-18.1-dev"
            }
          ],
          "store_path": "/nix/store/60ch0v9n97nk3sj89y5xg1avvlaj57r6-libpq-18.1"
        },
        "aarch64-linux": {
          "outputs": [
            {
              "name": "out",
              "path": "/nix/store/0p9zp3higwpdzig9hm8xdna47q0x7sa4-libpq-18.1",
              "default": true
            },
            {
              "name": "debug",
              "path": "/nix/store/vig9gq20xhq3m0bzzgqfcfyp4hygmc5q-libpq-18.1-debug"
            },
            {
              "name": "dev",
              "path": "/nix/store/cs8pq8l7932sfzcrcnhlls7hj3c945ac-libpq-18.1-dev"
            }
          ],
          "store_path": "/nix/store/0p9zp3higwpdzig9hm8xdna47q0x7sa4-libpq-18.1"
        },
        "x86_64-darwin": {
          "outputs": [
            {
              "name": "out",
              "path": "/nix/store/3p6hxfpmjjgi3gyd9qnd257frs4i3vhz-libpq-18.1",
              "default": true
            },
            {
              "name": "dev",
              "path": "/nix/store/hrbkid3643dv792q0r5zhr4w4jgn1lvc-libpq-18.1-dev"
            }
          ],
          "store_path": "/nix/store/3p6hxfpmjjgi3gyd9qnd257frs4i3vhz-libpq-18.1"
        },
        "x86_64-linux": {
          "outputs": [
            {
              "name": "out",
              "path": "/nix/store/zcjq41jdqzspnbk8cn52yhnzdssn4bh7-libpq-18.1",
              "default": true
            },
            {
              "name": "debug",
              "path": "/nix/store/57bs15snr0ngi9plv3snic3072317bbi-libpq-18.1-debug"
            },
            {
              "name": "dev",
              "path": "/nix/store/lwiv9qlapbqyhap7lwfmw9x6plhqny83-libpq-18.1-dev"
            }
          ],
          "store_path": "/nix/store/zcjq41jdqzspnbk8cn52yhnzdssn4bh7-libpq-18.1"
        }
      }
    },
    "pnpm@11.11.0": {
      "last_modified": "2026-07-12T00:30:12Z",
      "resolved": "github:NixOS/nixpkgs/3b32825de172d0bc85664f495edb096b10862524#pnpm",
      "source": "devbox-search",
      "version": "11.11.0",
      "systems": {
        "aarch64-darwin": {
          "outputs": [
            {
              "name": "out",
              "path": "/nix/store/ra8wv5xg9gnx1jbqqkq39db4qly4gnml-pnpm-11.11.0",
              "default": true
            }
          ],
          "store_path": "/nix/store/ra8wv5xg9gnx1jbqqkq39db4qly4gnml-pnpm-11.11.0"
        },
        "aarch64-linux": {
          "outputs": [
            {
              "name": "out",
              "path": "/nix/store/qaj1kialcy9qab7rksg9akm2dqmshc5p-pnpm-11.11.0",
              "default": true
            }
          ],
          "store_path": "/nix/store/qaj1kialcy9qab7rksg9akm2dqmshc5p-pnpm-11.11.0"
        },
        "x86_64-linux": {
          "outputs": [
            {
              "name": "out",
              "path": "/nix/store/2ahy0b0vn1s8vgh6asb3xg96zldd0n6f-pnpm-11.11.0",
              "default": true
            }
          ],
          "store_path": "/nix/store/2ahy0b0vn1s8vgh6asb3xg96zldd0n6f-pnpm-11.11.0"
        }
      }
    },
    "pre-commit@4.5.1": {
      "last_modified": "2026-07-16T04:38:10Z",
      "resolved": "github:NixOS/nixpkgs/6368bc923cec55a5f78960ade0cb4dd99580e087#pre-commit",
      "source": "devbox-search",
      "version": "4.5.1",
      "systems": {
        "aarch64-darwin": {
          "outputs": [
            {
              "name": "out",
              "path": "/nix/store/8mfgjmy794c9qqfkcw9823dzky0xzq5d-pre-commit-4.5.1",
              "default": true
            },
            {
              "name": "dist",
              "path": "/nix/store/0lcvv6k1i2pbydiwc6flgkk4ms4h5vd4-pre-commit-4.5.1-dist"
            }
          ],
          "store_path": "/nix/store/8mfgjmy794c9qqfkcw9823dzky0xzq5d-pre-commit-4.5.1"
        },
        "aarch64-linux": {
          "outputs": [
            {
              "name": "out",
              "path": "/nix/store/jllcb0s4jwa58dqpmfi4xf17hr1shymj-pre-commit-4.5.1",
              "default": true
            },
            {
              "name": "dist",
              "path": "/nix/store/0k89c1mycy90cyq8y5mgs74cra643p98-pre-commit-4.5.1-dist"
            }
          ],
          "store_path": "/nix/store/jllcb0s4jwa58dqpmfi4xf17hr1shymj-pre-commit-4.5.1"
        },
        "x86_64-darwin": {
          "outputs": [
            {
              "name": "out",
              "path": "/nix/store/51i9rjiyhdnxd96rp3cc8ykhcld7zhqq-pre-commit-4.5.1",
              "default": true
            },
            {
              "name": "dist",
              "path": "/nix/store/hphzzlh3q6nz74px0mq2a1h7yqkyr35b-pre-commit-4.5.1-dist"
            }
          ],
          "store_path": "/nix/store/51i9rjiyhdnxd96rp3cc8ykhcld7zhqq-pre-commit-4.5.1"
        },
        "x86_64-linux": {
          "outputs": [
            {
              "name": "out",
              "path": "/nix/store/9ldykp2kvir7iv1hd81vm7iv9nxggc0q-pre-commit-4.5.1",
              "default": true
            },
            {
              "name": "dist",
              "path": "/nix/store/nx10s2g8xdks461l1bzsm0dp79q08va0-pre-commit-4.5.1-dist"
            }
          ],
          "store_path": "/nix/store/9ldykp2kvir7iv1hd81vm7iv9nxggc0q-pre-commit-4.5.1"
        }
      }
    },
    "python@3.14.4": {
      "last_modified": "2026-06-27T07:37:20Z",
      "resolved": "github:NixOS/nixpkgs/3d46470bb3030020f7e1361f33514854f5bfa86d#python314",
      "source": "devbox-search",
      "version": "3.14.4",
      "systems": {
        "aarch64-darwin": {
          "outputs": [
            {
              "name": "out",
              "path": "/nix/store/bz7r3a1x3xby7ilac2ngzwr0szf3yzxc-python3-3.14.4",
              "default": true
            }
          ],
          "store_path": "/nix/store/bz7r3a1x3xby7ilac2ngzwr0szf3yzxc-python3-3.14.4"
        },
        "aarch64-linux": {
          "outputs": [
            {
              "name": "out",
              "path": "/nix/store/fj2lkfaqsccpsgwmzrv921asxzsp1iin-python3-3.14.4",
              "default": true
            },
            {
              "name": "debug",
              "path": "/nix/store/8sggbkg072yim06lsbggkiwc84z28cj9-python3-3.14.4-debug"
            }
          ],
          "store_path": "/nix/store/fj2lkfaqsccpsgwmzrv921asxzsp1iin-python3-3.14.4"
        },
        "x86_64-darwin": {
          "outputs": [
            {
              "name": "out",
              "path": "/nix/store/dz3vgh7m1dsj9c3ahn1ab6wqpnz9bbww-python3-3.14.4",
              "default": true
            }
          ],
          "store_path": "/nix/store/dz3vgh7m1dsj9c3ahn1ab6wqpnz9bbww-python3-3.14.4"
        },
        "x86_64-linux": {
          "outputs": [
            {
              "name": "out",
              "path": "/nix/store/fk8c5cqd0npblqv1mcd8swhkcbng84qr-python3-3.14.4",
              "default": true
            },
            {
              "name": "debug",
              "path": "/nix/store/y6nmlnw8360r8lma5bjnp07vl9r4l07g-python3-3.14.4-debug"
            }
          ],
          "store_path": "/nix/store/fk8c5cqd0npblqv1mcd8swhkcbng84qr-python3-3.14.4"
        }
      }
    },
    "uv@0.11.28": {
      "last_modified": "2026-07-17T09:58:13Z",
      "resolved": "github:NixOS/nixpkgs/a47c123a609287a012dfc44d281de2dd4ed13394#uv",
      "source": "devbox-search",
      "version": "0.11.28",
      "systems": {
        "aarch64-darwin": {
          "outputs": [
            {
              "name": "out",
              "path": "/nix/store/bfa05ywgyykfd0z0wzf0xri95yv2gyv0-uv-0.11.28",
              "default": true
            }
          ],
          "store_path": "/nix/store/bfa05ywgyykfd0z0wzf0xri95yv2gyv0-uv-0.11.28"
        },
        "aarch64-linux": {
          "outputs": [
            {
              "name": "out",
              "path": "/nix/store/7sr24yhd66q7xs9x84rrfvqp6396gl73-uv-0.11.28",
              "default": true
            }
          ],
          "store_path": "/nix/store/7sr24yhd66q7xs9x84rrfvqp6396gl73-uv-0.11.28"
        },
        "x86_64-linux": {
          "outputs": [
            {
              "name": "out",
              "path": "/nix/store/isixf7b2qfyw6qbrr8bq2j8zdn7ij9pr-uv-0.11.28",
              "default": true
            }
          ],
          "store_path": "/nix/store/isixf7b2qfyw6qbrr8bq2j8zdn7ij9pr-uv-0.11.28"
        }
      }
    }
  }
}
