{
  "lockfile_version": "1",
  "packages": {
    "github:NixOS/nixpkgs/nixpkgs-unstable": {
      "last_modified": "2026-05-08T21:03:27Z",
      "resolved": "github:NixOS/nixpkgs/b3da656039dc7a6240f27b2ef8cc6a3ef3bccae7?lastModified=1778274207&narHash=sha256-I4puXmX1iovcCHZlRmztO3vW0mAbbRvq4F8wgIMQ1MM%3D"
    },
    "libpq@18.1": {
      "last_modified": "2026-02-23T15:40:43Z",
      "resolved": "github:NixOS/nixpkgs/80d901ec0377e19ac3f7bb8c035201e2e098cc97#libpq",
      "source": "devbox-search",
      "version": "18.1",
      "systems": {
        "aarch64-darwin": {
          "outputs": [
            {
              "name": "out",
              "path": "/nix/store/60ch0v9n97nk3sj89y5xg1avvlaj57r6-libpq-18.1",
              "default": true
            },
            {
              "name": "dev",
              "path": "/nix/store/l6zka21c94z38q6mljywwgnhl5k4qick-libpq-18.1-dev"
            }
          ],
          "store_path": "/nix/store/60ch0v9n97nk3sj89y5xg1avvlaj57r6-libpq-18.1"
        },
        "aarch64-linux": {
          "outputs": [
            {
              "name": "out",
              "path": "/nix/store/0p9zp3higwpdzig9hm8xdna47q0x7sa4-libpq-18.1",
              "default": true
            },
            {
              "name": "debug",
              "path": "/nix/store/vig9gq20xhq3m0bzzgqfcfyp4hygmc5q-libpq-18.1-debug"
            },
            {
              "name": "dev",
              "path": "/nix/store/cs8pq8l7932sfzcrcnhlls7hj3c945ac-libpq-18.1-dev"
            }
          ],
          "store_path": "/nix/store/0p9zp3higwpdzig9hm8xdna47q0x7sa4-libpq-18.1"
        },
        "x86_64-darwin": {
          "outputs": [
            {
              "name": "out",
              "path": "/nix/store/3p6hxfpmjjgi3gyd9qnd257frs4i3vhz-libpq-18.1",
              "default": true
            },
            {
              "name": "dev",
              "path": "/nix/store/hrbkid3643dv792q0r5zhr4w4jgn1lvc-libpq-18.1-dev"
            }
          ],
          "store_path": "/nix/store/3p6hxfpmjjgi3gyd9qnd257frs4i3vhz-libpq-18.1"
        },
        "x86_64-linux": {
          "outputs": [
            {
              "name": "out",
              "path": "/nix/store/zcjq41jdqzspnbk8cn52yhnzdssn4bh7-libpq-18.1",
              "default": true
            },
            {
              "name": "debug",
              "path": "/nix/store/57bs15snr0ngi9plv3snic3072317bbi-libpq-18.1-debug"
            },
            {
              "name": "dev",
              "path": "/nix/store/lwiv9qlapbqyhap7lwfmw9x6plhqny83-libpq-18.1-dev"
            }
          ],
          "store_path": "/nix/store/zcjq41jdqzspnbk8cn52yhnzdssn4bh7-libpq-18.1"
        }
      }
    },
    "nodejs@25.9.0": {
      "last_modified": "2026-04-23T13:07:47Z",
      "plugin_version": "0.0.2",
      "resolved": "github:NixOS/nixpkgs/01fbdeef22b76df85ea168fbfe1bfd9e63681b30#nodejs_25",
      "source": "devbox-search",
      "version": "25.9.0",
      "systems": {
        "aarch64-darwin": {
          "outputs": [
            {
              "name": "out",
              "path": "/nix/store/lk0q06f44l3p5ajzpnqhs6bwwpf7j7ny-nodejs-25.9.0",
              "default": true
            }
          ],
          "store_path": "/nix/store/lk0q06f44l3p5ajzpnqhs6bwwpf7j7ny-nodejs-25.9.0"
        },
        "aarch64-linux": {
          "outputs": [
            {
              "name": "out",
              "path": "/nix/store/kqhlmkz7y5id7l02d2pjid61jh6a1zc5-nodejs-25.9.0",
              "default": true
            }
          ],
          "store_path": "/nix/store/kqhlmkz7y5id7l02d2pjid61jh6a1zc5-nodejs-25.9.0"
        },
        "x86_64-darwin": {
          "outputs": [
            {
              "name": "out",
              "path": "/nix/store/6js5ig13hfm2b9vif9325slzl590l0yr-nodejs-25.9.0",
              "default": true
            }
          ],
          "store_path": "/nix/store/6js5ig13hfm2b9vif9325slzl590l0yr-nodejs-25.9.0"
        },
        "x86_64-linux": {
          "outputs": [
            {
              "name": "out",
              "path": "/nix/store/qvw3cs7p2aipxsmyvwf9xr5ffvmwjkh1-nodejs-25.9.0",
              "default": true
            }
          ],
          "store_path": "/nix/store/qvw3cs7p2aipxsmyvwf9xr5ffvmwjkh1-nodejs-25.9.0"
        }
      }
    },
    "pre-commit@4.5.1": {
      "last_modified": "2026-05-03T08:31:49Z",
      "resolved": "github:NixOS/nixpkgs/90c100cb48d61a0316b9479bb03f1be36d34b92a#pre-commit",
      "source": "devbox-search",
      "version": "4.5.1",
      "systems": {
        "aarch64-darwin": {
          "outputs": [
            {
              "name": "out",
              "path": "/nix/store/sc7yf1pjki5wr8fl32668cvwcz6fg7z2-pre-commit-4.5.1",
              "default": true
            },
            {
              "name": "dist",
              "path": "/nix/store/mnvfhlxypcnhgj86w0yb99qn23idyl9s-pre-commit-4.5.1-dist"
            }
          ],
          "store_path": "/nix/store/sc7yf1pjki5wr8fl32668cvwcz6fg7z2-pre-commit-4.5.1"
        },
        "aarch64-linux": {
          "outputs": [
            {
              "name": "out",
              "path": "/nix/store/21z7ni1rsz8kyc72s4rv3yaj0b0a0dkd-pre-commit-4.5.1",
              "default": true
            },
            {
              "name": "dist",
              "path": "/nix/store/i5ydw8yjlyncnmj2xlixbn92hzpncxph-pre-commit-4.5.1-dist"
            }
          ],
          "store_path": "/nix/store/21z7ni1rsz8kyc72s4rv3yaj0b0a0dkd-pre-commit-4.5.1"
        },
        "x86_64-darwin": {
          "outputs": [
            {
              "name": "out",
              "path": "/nix/store/cyg8p7vsriyvh8ciq8iv1p8x33vcjia8-pre-commit-4.5.1",
              "default": true
            },
            {
              "name": "dist",
              "path": "/nix/store/07bqg3w88gl45vrx21x6rbnsg8c8p5xc-pre-commit-4.5.1-dist"
            }
          ],
          "store_path": "/nix/store/cyg8p7vsriyvh8ciq8iv1p8x33vcjia8-pre-commit-4.5.1"
        },
        "x86_64-linux": {
          "outputs": [
            {
              "name": "out",
              "path": "/nix/store/dkbmb92knazrv7z114243y4r6d78055l-pre-commit-4.5.1",
              "default": true
            },
            {
              "name": "dist",
              "path": "/nix/store/vw0g1v72pmab5fnwij18bphqjfa2vp8p-pre-commit-4.5.1-dist"
            }
          ],
          "store_path": "/nix/store/dkbmb92knazrv7z114243y4r6d78055l-pre-commit-4.5.1"
        }
      }
    },
    "python@3.14.3": {
      "last_modified": "2026-04-23T13:07:47Z",
      "resolved": "github:NixOS/nixpkgs/01fbdeef22b76df85ea168fbfe1bfd9e63681b30#python314",
      "source": "devbox-search",
      "version": "3.14.3",
      "systems": {
        "aarch64-darwin": {
          "outputs": [
            {
              "name": "out",
              "path": "/nix/store/4bnf42zl2pw977ryf95g851iz7spd9zc-python3-3.14.3",
              "default": true
            }
          ],
          "store_path": "/nix/store/4bnf42zl2pw977ryf95g851iz7spd9zc-python3-3.14.3"
        },
        "aarch64-linux": {
          "outputs": [
            {
              "name": "out",
              "path": "/nix/store/813mwq39h8kq26zl587zy4i5q6084xy9-python3-3.14.3",
              "default": true
            },
            {
              "name": "debug",
              "path": "/nix/store/klqsn46kdp22pmny2lszjkxv2aqa63q8-python3-3.14.3-debug"
            }
          ],
          "store_path": "/nix/store/813mwq39h8kq26zl587zy4i5q6084xy9-python3-3.14.3"
        },
        "x86_64-darwin": {
          "outputs": [
            {
              "name": "out",
              "path": "/nix/store/9fbffrjs4wd3cy9ami06bdzvdh2fzkgk-python3-3.14.3",
              "default": true
            }
          ],
          "store_path": "/nix/store/9fbffrjs4wd3cy9ami06bdzvdh2fzkgk-python3-3.14.3"
        },
        "x86_64-linux": {
          "outputs": [
            {
              "name": "out",
              "path": "/nix/store/cgk2ykijyaadc1687r0w4psf8pi1fdyc-python3-3.14.3",
              "default": true
            },
            {
              "name": "debug",
              "path": "/nix/store/n9iyvz9qj382yryrwb7sq06cc2gynyhg-python3-3.14.3-debug"
            }
          ],
          "store_path": "/nix/store/cgk2ykijyaadc1687r0w4psf8pi1fdyc-python3-3.14.3"
        }
      }
    },
    "uv@0.11.6": {
      "last_modified": "2026-04-10T12:25:30Z",
      "resolved": "github:NixOS/nixpkgs/8c11f88bb9573a10a7d6bf87161ef08455ac70b9#uv",
      "source": "devbox-search",
      "version": "0.11.6",
      "systems": {
        "aarch64-darwin": {
          "outputs": [
            {
              "name": "out",
              "path": "/nix/store/zdzic2r18b2pqh17bqxpwggqk1x1nmx7-uv-0.11.6",
              "default": true
            }
          ],
          "store_path": "/nix/store/zdzic2r18b2pqh17bqxpwggqk1x1nmx7-uv-0.11.6"
        },
        "aarch64-linux": {
          "outputs": [
            {
              "name": "out",
              "path": "/nix/store/z93fi73n86180df4jcvi1y8mcfd5xsmf-uv-0.11.6",
              "default": true
            }
          ],
          "store_path": "/nix/store/z93fi73n86180df4jcvi1y8mcfd5xsmf-uv-0.11.6"
        },
        "x86_64-darwin": {
          "outputs": [
            {
              "name": "out",
              "path": "/nix/store/p6ka0gwq69niqdqvjifbsdn0mkc8rrxb-uv-0.11.6",
              "default": true
            }
          ],
          "store_path": "/nix/store/p6ka0gwq69niqdqvjifbsdn0mkc8rrxb-uv-0.11.6"
        },
        "x86_64-linux": {
          "outputs": [
            {
              "name": "out",
              "path": "/nix/store/qgbhgbql7ckxzr77mja2vk5j4w0wr9zz-uv-0.11.6",
              "default": true
            }
          ],
          "store_path": "/nix/store/qgbhgbql7ckxzr77mja2vk5j4w0wr9zz-uv-0.11.6"
        }
      }
    }
  }
}
