{
  "lockfile_version": "1",
  "packages": {
    "github:NixOS/nixpkgs/nixpkgs-unstable": {
      "last_modified": "2026-05-03T16:35:46Z",
      "resolved": "github:NixOS/nixpkgs/73c703c22422b8951895a960959dbbaca7296492?lastModified=1777826146&narHash=sha256-wQ%2FiN5Zp5VIa3ebBibijPnLyKhor%2BxEbDy4d0goa9Zs%3D"
    },
    "libpq@18.1": {
      "last_modified": "2026-02-23T15:40:43Z",
      "resolved": "github:NixOS/nixpkgs/80d901ec0377e19ac3f7bb8c035201e2e098cc97#libpq",
      "source": "devbox-search",
      "version": "18.1",
      "systems": {
        "aarch64-darwin": {
          "outputs": [
            {
              "name": "out",
              "path": "/nix/store/60ch0v9n97nk3sj89y5xg1avvlaj57r6-libpq-18.1",
              "default": true
            },
            {
              "name": "dev",
              "path": "/nix/store/l6zka21c94z38q6mljywwgnhl5k4qick-libpq-18.1-dev"
            }
          ],
          "store_path": "/nix/store/60ch0v9n97nk3sj89y5xg1avvlaj57r6-libpq-18.1"
        },
        "aarch64-linux": {
          "outputs": [
            {
              "name": "out",
              "path": "/nix/store/0p9zp3higwpdzig9hm8xdna47q0x7sa4-libpq-18.1",
              "default": true
            },
            {
              "name": "debug",
              "path": "/nix/store/vig9gq20xhq3m0bzzgqfcfyp4hygmc5q-libpq-18.1-debug"
            },
            {
              "name": "dev",
              "path": "/nix/store/cs8pq8l7932sfzcrcnhlls7hj3c945ac-libpq-18.1-dev"
            }
          ],
          "store_path": "/nix/store/0p9zp3higwpdzig9hm8xdna47q0x7sa4-libpq-18.1"
        },
        "x86_64-darwin": {
          "outputs": [
            {
              "name": "out",
              "path": "/nix/store/3p6hxfpmjjgi3gyd9qnd257frs4i3vhz-libpq-18.1",
              "default": true
            },
            {
              "name": "dev",
              "path": "/nix/store/hrbkid3643dv792q0r5zhr4w4jgn1lvc-libpq-18.1-dev"
            }
          ],
          "store_path": "/nix/store/3p6hxfpmjjgi3gyd9qnd257frs4i3vhz-libpq-18.1"
        },
        "x86_64-linux": {
          "outputs": [
            {
              "name": "out",
              "path": "/nix/store/zcjq41jdqzspnbk8cn52yhnzdssn4bh7-libpq-18.1",
              "default": true
            },
            {
              "name": "debug",
              "path": "/nix/store/57bs15snr0ngi9plv3snic3072317bbi-libpq-18.1-debug"
            },
            {
              "name": "dev",
              "path": "/nix/store/lwiv9qlapbqyhap7lwfmw9x6plhqny83-libpq-18.1-dev"
            }
          ],
          "store_path": "/nix/store/zcjq41jdqzspnbk8cn52yhnzdssn4bh7-libpq-18.1"
        }
      }
    },
    "nodejs@25.9.0": {
      "last_modified": "2026-04-23T13:07:47Z",
      "plugin_version": "0.0.2",
      "resolved": "github:NixOS/nixpkgs/01fbdeef22b76df85ea168fbfe1bfd9e63681b30#nodejs_25",
      "source": "devbox-search",
      "version": "25.9.0",
      "systems": {
        "aarch64-darwin": {
          "outputs": [
            {
              "name": "out",
              "path": "/nix/store/lk0q06f44l3p5ajzpnqhs6bwwpf7j7ny-nodejs-25.9.0",
              "default": true
            }
          ],
          "store_path": "/nix/store/lk0q06f44l3p5ajzpnqhs6bwwpf7j7ny-nodejs-25.9.0"
        },
        "aarch64-linux": {
          "outputs": [
            {
              "name": "out",
              "path": "/nix/store/kqhlmkz7y5id7l02d2pjid61jh6a1zc5-nodejs-25.9.0",
              "default": true
            }
          ],
          "store_path": "/nix/store/kqhlmkz7y5id7l02d2pjid61jh6a1zc5-nodejs-25.9.0"
        },
        "x86_64-darwin": {
          "outputs": [
            {
              "name": "out",
              "path": "/nix/store/6js5ig13hfm2b9vif9325slzl590l0yr-nodejs-25.9.0",
              "default": true
            }
          ],
          "store_path": "/nix/store/6js5ig13hfm2b9vif9325slzl590l0yr-nodejs-25.9.0"
        },
        "x86_64-linux": {
          "outputs": [
            {
              "name": "out",
              "path": "/nix/store/qvw3cs7p2aipxsmyvwf9xr5ffvmwjkh1-nodejs-25.9.0",
              "default": true
            }
          ],
          "store_path": "/nix/store/qvw3cs7p2aipxsmyvwf9xr5ffvmwjkh1-nodejs-25.9.0"
        }
      }
    },
    "pre-commit@4.5.1": {
      "last_modified": "2026-04-23T13:07:47Z",
      "resolved": "github:NixOS/nixpkgs/01fbdeef22b76df85ea168fbfe1bfd9e63681b30#pre-commit",
      "source": "devbox-search",
      "version": "4.5.1",
      "systems": {
        "aarch64-darwin": {
          "outputs": [
            {
              "name": "out",
              "path": "/nix/store/l3ax81g9vp3p25js3g3172mzls4jps5s-pre-commit-4.5.1",
              "default": true
            },
            {
              "name": "dist",
              "path": "/nix/store/7pdawwcg9rzbq2jx9arjqjzfc2d2pazi-pre-commit-4.5.1-dist"
            }
          ],
          "store_path": "/nix/store/l3ax81g9vp3p25js3g3172mzls4jps5s-pre-commit-4.5.1"
        },
        "aarch64-linux": {
          "outputs": [
            {
              "name": "out",
              "path": "/nix/store/c6ldspwziqspm73x0bjvk7bki187qr14-pre-commit-4.5.1",
              "default": true
            },
            {
              "name": "dist",
              "path": "/nix/store/xjd6m024kf57vzdgnjc509amwl6jxign-pre-commit-4.5.1-dist"
            }
          ],
          "store_path": "/nix/store/c6ldspwziqspm73x0bjvk7bki187qr14-pre-commit-4.5.1"
        },
        "x86_64-darwin": {
          "outputs": [
            {
              "name": "out",
              "path": "/nix/store/0lngxg5mlvwyavm6h44s1w7f22g5svl1-pre-commit-4.5.1",
              "default": true
            },
            {
              "name": "dist",
              "path": "/nix/store/nd0xxl9z0vl76qdrw0n2mdb3f43zqfwn-pre-commit-4.5.1-dist"
            }
          ],
          "store_path": "/nix/store/0lngxg5mlvwyavm6h44s1w7f22g5svl1-pre-commit-4.5.1"
        },
        "x86_64-linux": {
          "outputs": [
            {
              "name": "out",
              "path": "/nix/store/s5q5ayvqxv908x166b03sfrfd114ls20-pre-commit-4.5.1",
              "default": true
            },
            {
              "name": "dist",
              "path": "/nix/store/flm3yk5mzhrnl6rbc0smja2sfca7g3zn-pre-commit-4.5.1-dist"
            }
          ],
          "store_path": "/nix/store/s5q5ayvqxv908x166b03sfrfd114ls20-pre-commit-4.5.1"
        }
      }
    },
    "python@3.14.3": {
      "last_modified": "2026-04-23T13:07:47Z",
      "resolved": "github:NixOS/nixpkgs/01fbdeef22b76df85ea168fbfe1bfd9e63681b30#python314",
      "source": "devbox-search",
      "version": "3.14.3",
      "systems": {
        "aarch64-darwin": {
          "outputs": [
            {
              "name": "out",
              "path": "/nix/store/4bnf42zl2pw977ryf95g851iz7spd9zc-python3-3.14.3",
              "default": true
            }
          ],
          "store_path": "/nix/store/4bnf42zl2pw977ryf95g851iz7spd9zc-python3-3.14.3"
        },
        "aarch64-linux": {
          "outputs": [
            {
              "name": "out",
              "path": "/nix/store/813mwq39h8kq26zl587zy4i5q6084xy9-python3-3.14.3",
              "default": true
            },
            {
              "name": "debug",
              "path": "/nix/store/klqsn46kdp22pmny2lszjkxv2aqa63q8-python3-3.14.3-debug"
            }
          ],
          "store_path": "/nix/store/813mwq39h8kq26zl587zy4i5q6084xy9-python3-3.14.3"
        },
        "x86_64-darwin": {
          "outputs": [
            {
              "name": "out",
              "path": "/nix/store/9fbffrjs4wd3cy9ami06bdzvdh2fzkgk-python3-3.14.3",
              "default": true
            }
          ],
          "store_path": "/nix/store/9fbffrjs4wd3cy9ami06bdzvdh2fzkgk-python3-3.14.3"
        },
        "x86_64-linux": {
          "outputs": [
            {
              "name": "out",
              "path": "/nix/store/cgk2ykijyaadc1687r0w4psf8pi1fdyc-python3-3.14.3",
              "default": true
            },
            {
              "name": "debug",
              "path": "/nix/store/n9iyvz9qj382yryrwb7sq06cc2gynyhg-python3-3.14.3-debug"
            }
          ],
          "store_path": "/nix/store/cgk2ykijyaadc1687r0w4psf8pi1fdyc-python3-3.14.3"
        }
      }
    },
    "uv@0.11.6": {
      "last_modified": "2026-04-10T12:25:30Z",
      "resolved": "github:NixOS/nixpkgs/8c11f88bb9573a10a7d6bf87161ef08455ac70b9#uv",
      "source": "devbox-search",
      "version": "0.11.6",
      "systems": {
        "aarch64-darwin": {
          "outputs": [
            {
              "name": "out",
              "path": "/nix/store/zdzic2r18b2pqh17bqxpwggqk1x1nmx7-uv-0.11.6",
              "default": true
            }
          ],
          "store_path": "/nix/store/zdzic2r18b2pqh17bqxpwggqk1x1nmx7-uv-0.11.6"
        },
        "aarch64-linux": {
          "outputs": [
            {
              "name": "out",
              "path": "/nix/store/z93fi73n86180df4jcvi1y8mcfd5xsmf-uv-0.11.6",
              "default": true
            }
          ],
          "store_path": "/nix/store/z93fi73n86180df4jcvi1y8mcfd5xsmf-uv-0.11.6"
        },
        "x86_64-darwin": {
          "outputs": [
            {
              "name": "out",
              "path": "/nix/store/p6ka0gwq69niqdqvjifbsdn0mkc8rrxb-uv-0.11.6",
              "default": true
            }
          ],
          "store_path": "/nix/store/p6ka0gwq69niqdqvjifbsdn0mkc8rrxb-uv-0.11.6"
        },
        "x86_64-linux": {
          "outputs": [
            {
              "name": "out",
              "path": "/nix/store/qgbhgbql7ckxzr77mja2vk5j4w0wr9zz-uv-0.11.6",
              "default": true
            }
          ],
          "store_path": "/nix/store/qgbhgbql7ckxzr77mja2vk5j4w0wr9zz-uv-0.11.6"
        }
      }
    }
  }
}
